<?xml version="1.0" encoding="utf-8"?>
<Project ToolsVersion="4.0" xmlns="http://schemas.microsoft.com/developer/msbuild/2003">
  <ItemGroup>
    <Filter Include="Source Files">
      <UniqueIdentifier>{4FC737F1-C7A5-4376-A066-2A32D752A2FF}</UniqueIdentifier>
      <Extensions>cpp;c;cc;cxx;c++;cppm;ixx;def;odl;idl;hpj;bat;asm;asmx</Extensions>
    </Filter>
    <Filter Include="Header Files">
      <UniqueIdentifier>{93995380-89BD-4b04-88EB-625FBE52EBFB}</UniqueIdentifier>
      <Extensions>h;hh;hpp;hxx;h++;hm;inl;inc;ipp;xsd</Extensions>
    </Filter>
    <Filter Include="Resource Files">
      <UniqueIdentifier>{67DA6AB6-F800-4c08-8B7A-83BB121AAD01}</UniqueIdentifier>
      <Extensions>rc;ico;cur;bmp;dlg;rc2;rct;bin;rgs;gif;jpg;jpeg;jpe;resx;tiff;tif;png;wav;mfcribbon-ms</Extensions>
    </Filter>
  </ItemGroup>
  <ItemGroup>
    <ClCompile Include="..\..\ffvideo_player_src\DelayedCallbackMgr.cpp">
      <Filter>Source Files</Filter>
    </ClCompile>
    <ClCompile Include="..\..\ffvideo_player_src\FaceDetect.cpp">
      <Filter>Source Files</Filter>
    </ClCompile>
    <ClCompile Include="..\..\ffvideo_player_src\ffvideo_player.cpp">
      <Filter>Source Files</Filter>
    </ClCompile>
    <ClCompile Include="..\..\ffvideo_player_src\GLButton.cpp">
      <Filter>Source Files</Filter>
    </ClCompile>
    <ClCompile Include="..\..\ffvideo_player_src\HelpWindow.cpp">
      <Filter>Source Files</Filter>
    </ClCompile>
    <ClCompile Include="..\..\ffvideo_player_src\NoticeMgr.cpp">
      <Filter>Source Files</Filter>
    </ClCompile>
    <ClCompile Include="..\..\ffvideo_player_src\RenderCanvas.cpp">
      <Filter>Source Files</Filter>
    </ClCompile>
    <ClCompile Include="..\..\ffvideo_player_src\RenderCanvas_rendering.cpp">
      <Filter>Source Files</Filter>
    </ClCompile>
    <ClCompile Include="..\..\ffvideo_player_src\RenderCanvas_UICallbacks.cpp">
      <Filter>Source Files</Filter>
    </ClCompile>
    <ClCompile Include="..\..\ffvideo_player_src\TweenedCallbackMgr.cpp">
      <Filter>Source Files</Filter>
    </ClCompile>
    <ClCompile Include="..\..\ffvideo_player_src\USBCamConfigDlg.cpp">
      <Filter>Source Files</Filter>
    </ClCompile>
    <ClCompile Include="..\..\ffvideo_player_src\VideoCtrls.cpp">
      <Filter>Source Files</Filter>
    </ClCompile>
    <ClCompile Include="..\..\ffvideo_player_src\VideoEncode.cpp">
      <Filter>Source Files</Filter>
    </ClCompile>
    <ClCompile Include="..\..\ffvideo_player_src\VideoStreamConfig.cpp">
      <Filter>Source Files</Filter>
    </ClCompile>
    <ClCompile Include="..\..\ffvideo_player_src\VideoStreamDlg.cpp">
      <Filter>Source Files</Filter>
    </ClCompile>
    <ClCompile Include="..\..\ffvideo_player_src\VideoWindow.cpp">
      <Filter>Source Files</Filter>
    </ClCompile>
  </ItemGroup>
  <ItemGroup>
    <ClInclude Include="..\..\ffvideo_player_src\DelayedCallbackMgr.h">
      <Filter>Header Files</Filter>
    </ClInclude>
    <ClInclude Include="..\..\ffvideo_player_src\FaceDetect.h">
      <Filter>Header Files</Filter>
    </ClInclude>
    <ClInclude Include="..\..\ffvideo_player_src\ffvideo_player_app.h">
      <Filter>Header Files</Filter>
    </ClInclude>
    <ClInclude Include="..\..\ffvideo_player_src\FrameEncoder.h">
      <Filter>Header Files</Filter>
    </ClInclude>
    <ClInclude Include="..\..\ffvideo_player_src\GLButton.h">
      <Filter>Header Files</Filter>
    </ClInclude>
    <ClInclude Include="..\..\ffvideo_player_src\HelpWindow.h">
      <Filter>Header Files</Filter>
    </ClInclude>
    <ClInclude Include="..\..\ffvideo_player_src\NoticeMgr.h">
      <Filter>Header Files</Filter>
    </ClInclude>
    <ClInclude Include="..\..\ffvideo_player_src\RenderCanvas.h">
      <Filter>Header Files</Filter>
    </ClInclude>
    <ClInclude Include="..\..\ffvideo_player_src\TweenedCallbackMgr.h">
      <Filter>Header Files</Filter>
    </ClInclude>
    <ClInclude Include="..\..\ffvideo_player_src\USBCamConfigDlg.h">
      <Filter>Header Files</Filter>
    </ClInclude>
    <ClInclude Include="..\..\ffvideo_player_src\util.h">
      <Filter>Header Files</Filter>
    </ClInclude>
    <ClInclude Include="..\..\ffvideo_player_src\VideoConfigDialog.h">
      <Filter>Header Files</Filter>
    </ClInclude>
    <ClInclude Include="..\..\ffvideo_player_src\VideoCtrls.h">
      <Filter>Header Files</Filter>
    </ClInclude>
    <ClInclude Include="..\..\ffvideo_player_src\VideoStreamConfig.h">
      <Filter>Header Files</Filter>
    </ClInclude>
    <ClInclude Include="..\..\ffvideo_player_src\VideoWindow.h">
      <Filter>Header Files</Filter>
    </ClInclude>
  </ItemGroup>
</Project>